
Microsoft Visual Studio Solution File, Format Version 12.00
# Visual Studio Version 17
VisualStudioVersion = 17.1.32328.378
MinimumVisualStudioVersion = 10.0.40219.1
Project("{FAE04EC0-301F-11D3-BF4B-00C04F79EFBC}") = "ImplitziteUndExpliziteKonvertierung", "ImplitziteUndExpliziteKonvertierung\ImplitziteUndExpliziteKonvertierung.csproj", "{938E2C50-CB08-4763-85FB-7FFD70FA949C}"
EndProject
Global
	GlobalSection(SolutionConfigurationPlatforms) = preSolution
		Debug|Any CPU = Debug|Any CPU
		Release|Any CPU = Release|Any CPU
	EndGlobalSection
	GlobalSection(ProjectConfigurationPlatforms) = postSolution
		{938E2C50-CB08-4763-85FB-7FFD70FA949C}.Debug|Any CPU.ActiveCfg = Debug|Any CPU
		{938E2C50-CB08-4763-85FB-7FFD70FA949C}.Debug|Any CPU.Build.0 = Debug|Any CPU
		{938E2C50-CB08-4763-85FB-7FFD70FA949C}.Release|Any CPU.ActiveCfg = Release|Any CPU
		{938E2C50-CB08-4763-85FB-7FFD70FA949C}.Release|Any CPU.Build.0 = Release|Any CPU
	EndGlobalSection
	GlobalSection(SolutionProperties) = preSolution
		HideSolutionNode = FALSE
	EndGlobalSection
	GlobalSection(ExtensibilityGlobals) = postSolution
		SolutionGuid = {2C14D6A2-31F0-4174-9B4F-3E67A625E4C9}
	EndGlobalSection
EndGlobal
